Microsoft Visual Studio Solution File, Format Version 12.00
# Visual Studio Version 17
VisualStudioVersion = 17.5.2.0
MinimumVisualStudioVersion = 10.0.40219.1
Project("{FAE04EC0-301F-11D3-BF4B-00C04F79EFBC}") = "DSW1_T1_SALAS_JEREMY", "DSW1_T1_SALAS_JEREMY.csproj", "{217DC104-9DAC-3043-087B-BB4C712E3F48}"
EndProject
Global
	GlobalSection(SolutionConfigurationPlatforms) = preSolution
		Debug|Any CPU = Debug|Any CPU
		Release|Any CPU = Release|Any CPU
	EndGlobalSection
	GlobalSection(ProjectConfigurationPlatforms) = postSolution
		{217DC104-9DAC-3043-087B-BB4C712E3F48}.Debug|Any CPU.ActiveCfg = Debug|Any CPU
		{217DC104-9DAC-3043-087B-BB4C712E3F48}.Debug|Any CPU.Build.0 = Debug|Any CPU
		{217DC104-9DAC-3043-087B-BB4C712E3F48}.Release|Any CPU.ActiveCfg = Release|Any CPU
		{217DC104-9DAC-3043-087B-BB4C712E3F48}.Release|Any CPU.Build.0 = Release|Any CPU
	EndGlobalSection
	GlobalSection(SolutionProperties) = preSolution
		HideSolutionNode = FALSE
	EndGlobalSection
	GlobalSection(ExtensibilityGlobals) = postSolution
		SolutionGuid = {3FAEA33B-0627-43AA-B655-ED24FEDE65F5}
	EndGlobalSection
EndGlobal
